
Microsoft Visual Studio Solution File, Format Version 12.00
# Visual Studio Version 16
VisualStudioVersion = 16.0.31729.503
MinimumVisualStudioVersion = 10.0.40219.1
Project("{FAE04EC0-301F-11D3-BF4B-00C04F79EFBC}") = "HolidayPlanner", "HolidayPlanner\HolidayPlanner.csproj", "{3806FB3A-1EE6-4B8A-ADE4-2F903886A347}"
EndProject
Project("{FAE04EC0-301F-11D3-BF4B-00C04F79EFBC}") = "HolidayPlannerUnitTests", "HolidayPlannerUnitTests\HolidayPlannerUnitTests.csproj", "{3EF4ECA5-00A0-455D-980F-E3FE243AE68B}"
EndProject
Global
	GlobalSection(SolutionConfigurationPlatforms) = preSolution
		Debug|Any CPU = Debug|Any CPU
		Release|Any CPU = Release|Any CPU
	EndGlobalSection
	GlobalSection(ProjectConfigurationPlatforms) = postSolution
		{3806FB3A-1EE6-4B8A-ADE4-2F903886A347}.Debug|Any CPU.ActiveCfg = Debug|Any CPU
		{3806FB3A-1EE6-4B8A-ADE4-2F903886A347}.Debug|Any CPU.Build.0 = Debug|Any CPU
		{3806FB3A-1EE6-4B8A-ADE4-2F903886A347}.Release|Any CPU.ActiveCfg = Release|Any CPU
		{3806FB3A-1EE6-4B8A-ADE4-2F903886A347}.Release|Any CPU.Build.0 = Release|Any CPU
		{3EF4ECA5-00A0-455D-980F-E3FE243AE68B}.Debug|Any CPU.ActiveCfg = Debug|Any CPU
		{3EF4ECA5-00A0-455D-980F-E3FE243AE68B}.Debug|Any CPU.Build.0 = Debug|Any CPU
		{3EF4ECA5-00A0-455D-980F-E3FE243AE68B}.Release|Any CPU.ActiveCfg = Release|Any CPU
		{3EF4ECA5-00A0-455D-980F-E3FE243AE68B}.Release|Any CPU.Build.0 = Release|Any CPU
	EndGlobalSection
	GlobalSection(SolutionProperties) = preSolution
		HideSolutionNode = FALSE
	EndGlobalSection
	GlobalSection(ExtensibilityGlobals) = postSolution
		SolutionGuid = {7527EFC0-29D6-49DE-9D39-991AF7C641D6}
	EndGlobalSection
EndGlobal
